
Microsoft Visual Studio Solution File, Format Version 12.00
# Visual Studio Version 17
VisualStudioVersion = 17.4.33403.182
MinimumVisualStudioVersion = 10.0.40219.1
Project("{FAE04EC0-301F-11D3-BF4B-00C04F79EFBC}") = "HorrorGameDBManager", "HorrorGameDBManager\HorrorGameDBManager.csproj", "{D35DCCC0-32FB-4A3D-9835-A39771C4BCA1}"
EndProject
Global
	GlobalSection(SolutionConfigurationPlatforms) = preSolution
		Debug|Any CPU = Debug|Any CPU
		Release|Any CPU = Release|Any CPU
	EndGlobalSection
	GlobalSection(ProjectConfigurationPlatforms) = postSolution
		{D35DCCC0-32FB-4A3D-9835-A39771C4BCA1}.Debug|Any CPU.ActiveCfg = Debug|Any CPU
		{D35DCCC0-32FB-4A3D-9835-A39771C4BCA1}.Debug|Any CPU.Build.0 = Debug|Any CPU
		{D35DCCC0-32FB-4A3D-9835-A39771C4BCA1}.Release|Any CPU.ActiveCfg = Release|Any CPU
		{D35DCCC0-32FB-4A3D-9835-A39771C4BCA1}.Release|Any CPU.Build.0 = Release|Any CPU
	EndGlobalSection
	GlobalSection(SolutionProperties) = preSolution
		HideSolutionNode = FALSE
	EndGlobalSection
	GlobalSection(ExtensibilityGlobals) = postSolution
		SolutionGuid = {4136747B-BF5E-49DC-8219-7982163CD354}
	EndGlobalSection
EndGlobal
